
Microsoft Visual Studio Solution File, Format Version 12.00
# Visual Studio Version 17
VisualStudioVersion = 17.11.35222.181
MinimumVisualStudioVersion = 10.0.40219.1
Project("{9A19103F-16F7-4668-BE54-9A1E7A4F7556}") = "ConsoleBase.Core", "Console.Core\ConsoleBase.Core.csproj", "{90518A0D-A7BA-4472-A6DD-8D71526935BE}"
EndProject
Project("{9A19103F-16F7-4668-BE54-9A1E7A4F7556}") = "InputValidationLibrary", "InputValidationLibrary\InputValidationLibrary.csproj", "{F79C5808-6070-4743-A963-A2BC9ED16505}"
EndProject
Project("{9A19103F-16F7-4668-BE54-9A1E7A4F7556}") = "ConsoleBase.Common", "Console.Common\ConsoleBase.Common.csproj", "{834E8E2F-4C16-4C24-A4DC-47FA107B2486}"
EndProject
Project("{9A19103F-16F7-4668-BE54-9A1E7A4F7556}") = "InputValidationLibrary.Tests", "InputValidationLibrary.Tests\InputValidationLibrary.Tests.csproj", "{F8BA2CF3-02C8-4E86-856E-7DACB2A3F263}"
EndProject
Global
	GlobalSection(SolutionConfigurationPlatforms) = preSolution
		Debug|Any CPU = Debug|Any CPU
		Release|Any CPU = Release|Any CPU
	EndGlobalSection
	GlobalSection(ProjectConfigurationPlatforms) = postSolution
		{90518A0D-A7BA-4472-A6DD-8D71526935BE}.Debug|Any CPU.ActiveCfg = Debug|Any CPU
		{90518A0D-A7BA-4472-A6DD-8D71526935BE}.Debug|Any CPU.Build.0 = Debug|Any CPU
		{90518A0D-A7BA-4472-A6DD-8D71526935BE}.Release|Any CPU.ActiveCfg = Release|Any CPU
		{90518A0D-A7BA-4472-A6DD-8D71526935BE}.Release|Any CPU.Build.0 = Release|Any CPU
		{F79C5808-6070-4743-A963-A2BC9ED16505}.Debug|Any CPU.ActiveCfg = Debug|Any CPU
		{F79C5808-6070-4743-A963-A2BC9ED16505}.Debug|Any CPU.Build.0 = Debug|Any CPU
		{F79C5808-6070-4743-A963-A2BC9ED16505}.Release|Any CPU.ActiveCfg = Release|Any CPU
		{F79C5808-6070-4743-A963-A2BC9ED16505}.Release|Any CPU.Build.0 = Release|Any CPU
		{834E8E2F-4C16-4C24-A4DC-47FA107B2486}.Debug|Any CPU.ActiveCfg = Debug|Any CPU
		{834E8E2F-4C16-4C24-A4DC-47FA107B2486}.Debug|Any CPU.Build.0 = Debug|Any CPU
		{834E8E2F-4C16-4C24-A4DC-47FA107B2486}.Release|Any CPU.ActiveCfg = Release|Any CPU
		{834E8E2F-4C16-4C24-A4DC-47FA107B2486}.Release|Any CPU.Build.0 = Release|Any CPU
		{F8BA2CF3-02C8-4E86-856E-7DACB2A3F263}.Debug|Any CPU.ActiveCfg = Debug|Any CPU
		{F8BA2CF3-02C8-4E86-856E-7DACB2A3F263}.Debug|Any CPU.Build.0 = Debug|Any CPU
		{F8BA2CF3-02C8-4E86-856E-7DACB2A3F263}.Release|Any CPU.ActiveCfg = Release|Any CPU
		{F8BA2CF3-02C8-4E86-856E-7DACB2A3F263}.Release|Any CPU.Build.0 = Release|Any CPU
	EndGlobalSection
	GlobalSection(SolutionProperties) = preSolution
		HideSolutionNode = FALSE
	EndGlobalSection
	GlobalSection(ExtensibilityGlobals) = postSolution
		SolutionGuid = {DD610825-02FF-4E34-89BB-630A6FCED28F}
	EndGlobalSection
EndGlobal
